
Microsoft Visual Studio Solution File, Format Version 11.00
# Visual Studio 2010
Project("{FAE04EC0-301F-11D3-BF4B-00C04F79EFBC}") = "Stater", "src\Stater\Stater.csproj", "{EA81CCF1-284B-4E2D-8CB8-AE9C8EACC01E}"
EndProject
Project("{FAE04EC0-301F-11D3-BF4B-00C04F79EFBC}") = "Stater.CodeGeneration.Tests", "src\Stater.CodeGeneration.Tests\Stater.CodeGeneration.Tests.csproj", "{879047E1-76DD-4892-AF8F-8EC562514AD7}"
EndProject
Project("{FAE04EC0-301F-11D3-BF4B-00C04F79EFBC}") = "Stater.Domain", "src\Stater.Domain\Stater.Domain.csproj", "{3A09EFE1-C88B-46E6-B0C8-00F7A9D00795}"
EndProject
Project("{FAE04EC0-301F-11D3-BF4B-00C04F79EFBC}") = "Stater.CodeGeneration", "src\Stater.CodeGeneration\Stater.CodeGeneration.csproj", "{E7786CE3-7E88-456D-ADFE-11035E842ABB}"
EndProject
Project("{FAE04EC0-301F-11D3-BF4B-00C04F79EFBC}") = "Stater.SLXParser", "src\Stater.SLXParser\Stater.SLXParser.csproj", "{1CE08542-B4A2-4632-A066-68462E0BC603}"
EndProject
Project("{FAE04EC0-301F-11D3-BF4B-00C04F79EFBC}") = "Stater.CodeGeneration.App", "src\Stater.CodeGeneration.App\Stater.CodeGeneration.App.csproj", "{EA6A952C-2854-4031-94E0-724CCC388807}"
EndProject
Global
	GlobalSection(TestCaseManagementSettings) = postSolution
		CategoryFile = Stater.vsmdi
	EndGlobalSection
	GlobalSection(SolutionConfigurationPlatforms) = preSolution
		Debug|Any CPU = Debug|Any CPU
		Release|Any CPU = Release|Any CPU
	EndGlobalSection
	GlobalSection(ProjectConfigurationPlatforms) = postSolution
		{EA81CCF1-284B-4E2D-8CB8-AE9C8EACC01E}.Debug|Any CPU.ActiveCfg = Debug|Any CPU
		{EA81CCF1-284B-4E2D-8CB8-AE9C8EACC01E}.Debug|Any CPU.Build.0 = Debug|Any CPU
		{EA81CCF1-284B-4E2D-8CB8-AE9C8EACC01E}.Release|Any CPU.ActiveCfg = Release|Any CPU
		{EA81CCF1-284B-4E2D-8CB8-AE9C8EACC01E}.Release|Any CPU.Build.0 = Release|Any CPU
		{879047E1-76DD-4892-AF8F-8EC562514AD7}.Debug|Any CPU.ActiveCfg = Debug|Any CPU
		{879047E1-76DD-4892-AF8F-8EC562514AD7}.Debug|Any CPU.Build.0 = Debug|Any CPU
		{879047E1-76DD-4892-AF8F-8EC562514AD7}.Release|Any CPU.ActiveCfg = Release|Any CPU
		{879047E1-76DD-4892-AF8F-8EC562514AD7}.Release|Any CPU.Build.0 = Release|Any CPU
		{3A09EFE1-C88B-46E6-B0C8-00F7A9D00795}.Debug|Any CPU.ActiveCfg = Debug|Any CPU
		{3A09EFE1-C88B-46E6-B0C8-00F7A9D00795}.Debug|Any CPU.Build.0 = Debug|Any CPU
		{3A09EFE1-C88B-46E6-B0C8-00F7A9D00795}.Release|Any CPU.ActiveCfg = Release|Any CPU
		{3A09EFE1-C88B-46E6-B0C8-00F7A9D00795}.Release|Any CPU.Build.0 = Release|Any CPU
		{E7786CE3-7E88-456D-ADFE-11035E842ABB}.Debug|Any CPU.ActiveCfg = Debug|Any CPU
		{E7786CE3-7E88-456D-ADFE-11035E842ABB}.Debug|Any CPU.Build.0 = Debug|Any CPU
		{E7786CE3-7E88-456D-ADFE-11035E842ABB}.Release|Any CPU.ActiveCfg = Release|Any CPU
		{E7786CE3-7E88-456D-ADFE-11035E842ABB}.Release|Any CPU.Build.0 = Release|Any CPU
		{1CE08542-B4A2-4632-A066-68462E0BC603}.Debug|Any CPU.ActiveCfg = Debug|Any CPU
		{1CE08542-B4A2-4632-A066-68462E0BC603}.Debug|Any CPU.Build.0 = Debug|Any CPU
		{1CE08542-B4A2-4632-A066-68462E0BC603}.Release|Any CPU.ActiveCfg = Release|Any CPU
		{1CE08542-B4A2-4632-A066-68462E0BC603}.Release|Any CPU.Build.0 = Release|Any CPU
		{EA6A952C-2854-4031-94E0-724CCC388807}.Debug|Any CPU.ActiveCfg = Debug|Any CPU
		{EA6A952C-2854-4031-94E0-724CCC388807}.Debug|Any CPU.Build.0 = Debug|Any CPU
		{EA6A952C-2854-4031-94E0-724CCC388807}.Release|Any CPU.ActiveCfg = Release|Any CPU
		{EA6A952C-2854-4031-94E0-724CCC388807}.Release|Any CPU.Build.0 = Release|Any CPU
	EndGlobalSection
	GlobalSection(SolutionProperties) = preSolution
		HideSolutionNode = FALSE
	EndGlobalSection
	GlobalSection(NestedProjects) = preSolution
	EndGlobalSection
EndGlobal
